PODS:
  - Charts (4.1.0):
    - Charts/Core (= 4.1.0)
  - Charts/Core (4.1.0):
    - SwiftAlgorithms (~> 1.0)
  - iOSDropDown (0.4.0)
  - SwiftAlgorithms (1.0.0)

DEPENDENCIES:
  - Charts
  - iOSDropDown

SPEC REPOS:
  trunk:
    - Charts
    - iOSDropDown
    - SwiftAlgorithms

SPEC CHECKSUMS:
  Charts: 354f86803d11d9c35de280587fef50d1af063978
  iOSDropDown: ce9daa584eaa5567cafc1b633e3cc7eb6d9cea42
  SwiftAlgorithms: 38dda4731d19027fdeee1125f973111bf3386b53

PODFILE CHECKSUM: 32707a4ca130cc0b3999e2f25ee6636e8c5893f9

COCOAPODS: 1.11.3
